
Microsoft Visual Studio Solution File, Format Version 12.00
# Visual Studio 15
VisualStudioVersion = 15.0.28307.102
MinimumVisualStudioVersion = 10.0.40219.1
Project("{FAE04EC0-301F-11D3-BF4B-00C04F79EFBC}") = "BuildHouse", "BuildHouse\BuildHouse.csproj", "{F34229F3-0AA0-488F-8AD2-FE70BE8E02E6}"
EndProject
Global
	GlobalSection(SolutionConfigurationPlatforms) = preSolution
		Debug|Any CPU = Debug|Any CPU
		Release|Any CPU = Release|Any CPU
	EndGlobalSection
	GlobalSection(ProjectConfigurationPlatforms) = postSolution
		{F34229F3-0AA0-488F-8AD2-FE70BE8E02E6}.Debug|Any CPU.ActiveCfg = Debug|Any CPU
		{F34229F3-0AA0-488F-8AD2-FE70BE8E02E6}.Debug|Any CPU.Build.0 = Debug|Any CPU
		{F34229F3-0AA0-488F-8AD2-FE70BE8E02E6}.Release|Any CPU.ActiveCfg = Release|Any CPU
		{F34229F3-0AA0-488F-8AD2-FE70BE8E02E6}.Release|Any CPU.Build.0 = Release|Any CPU
	EndGlobalSection
	GlobalSection(SolutionProperties) = preSolution
		HideSolutionNode = FALSE
	EndGlobalSection
	GlobalSection(ExtensibilityGlobals) = postSolution
		SolutionGuid = {CC35CA97-F90D-4D69-A9F5-B45815EE024D}
	EndGlobalSection
EndGlobal
